// !$*UTF8*$!
{
	archiveVersion = 1;
	classes = {
	};
	objectVersion = 55;
	objects = {

/* Begin PBXBuildFile section */
		AC62D266280A702C004324CA /* AppDelegate.swift in Sources */ = {isa = PBXBuildFile; fileRef = AC62D265280A702C004324CA /* AppDelegate.swift */; };
		AC62D268280A702C004324CA /* SceneDelegate.swift in Sources */ = {isa = PBXBuildFile; fileRef = AC62D267280A702C004324CA /* SceneDelegate.swift */; };
		AC62D26A280A702C004324CA /* ViewController.swift in Sources */ = {isa = PBXBuildFile; fileRef = AC62D269280A702C004324CA /* ViewController.swift */; };
		AC62D26D280A702C004324CA /* Main.storyboard in Resources */ = {isa = PBXBuildFile; fileRef = AC62D26B280A702C004324CA /* Main.storyboard */; };
		AC62D26F280A702E004324CA /* Assets.xcassets in Resources */ = {isa = PBXBuildFile; fileRef = AC62D26E280A702E004324CA /* Assets.xcassets */; };
		AC62D272280A702E004324CA /* LaunchScreen.storyboard in Resources */ = {isa = PBXBuildFile; fileRef = AC62D270280A702E004324CA /* LaunchScreen.storyboard */; };
		AC62D27D280A702E004324CA /* goraceTests.swift in Sources */ = {isa = PBXBuildFile; fileRef = AC62D27C280A702E004324CA /* goraceTests.swift */; };
		AC62D287280A702E004324CA /* goraceUITests.swift in Sources */ = {isa = PBXBuildFile; fileRef = AC62D286280A702E004324CA /* goraceUITests.swift */; };
		AC62D289280A702E004324CA /* goraceUITestsLaunchTests.swift in Sources */ = {isa = PBXBuildFile; fileRef = AC62D288280A702E004324CA /* goraceUITestsLaunchTests.swift */; };
/* End PBXBuildFile section */

/* Begin PBXContainerItemProxy section */
		AC62D279280A702E004324CA /* PBXContainerItemProxy */ = {
			isa = PBXContainerItemProxy;
			containerPortal = AC62D25A280A702C004324CA /* Project object */;
			proxyType = 1;
			remoteGlobalIDString = AC62D261280A702C004324CA;
			remoteInfo = gorace;
		};
		AC62D283280A702E004324CA /* PBXContainerItemProxy */ = {
			isa = PBXContainerItemProxy;
			containerPortal = AC62D25A280A702C004324CA /* Project object */;
			proxyType = 1;
			remoteGlobalIDString = AC62D261280A702C004324CA;
			remoteInfo = gorace;
		};
/* End PBXContainerItemProxy section */

/* Begin PBXFileReference section */
		AC62D262280A702C004324CA /* gorace.app */ = {isa = PBXFileReference; explicitFileType = wrapper.application; includeInIndex = 0; path = gorace.app; sourceTree = BUILT_PRODUCTS_DIR; };
		AC62D265280A702C004324CA /* AppDelegate.swift */ = {isa = PBXFileReference; lastKnownFileType = sourcecode.swift; path = AppDelegate.swift; sourceTree = "<group>"; };
		AC62D267280A702C004324CA /* SceneDelegate.swift */ = {isa = PBXFileReference; lastKnownFileType = sourcecode.swift; path = SceneDelegate.swift; sourceTree = "<group>"; };
		AC62D269280A702C004324CA /* ViewController.swift */ = {isa = PBXFileReference; lastKnownFileType = sourcecode.swift; path = ViewController.swift; sourceTree = "<group>"; };
		AC62D26C280A702C004324CA /* Base */ = {isa = PBXFileReference; lastKnownFileType = file.storyboard; name = Base; path = Base.lproj/Main.storyboard; sourceTree = "<group>"; };
		AC62D26E280A702E004324CA /* Assets.xcassets */ = {isa = PBXFileReference; lastKnownFileType = folder.assetcatalog; path = Assets.xcassets; sourceTree = "<group>"; };
		AC62D271280A702E004324CA /* Base */ = {isa = PBXFileReference; lastKnownFileType = file.storyboard; name = Base; path = Base.lproj/LaunchScreen.storyboard; sourceTree = "<group>"; };
		AC62D273280A702E004324CA /* Info.plist */ = {isa = PBXFileReference; lastKnownFileType = text.plist.xml; path = Info.plist; sourceTree = "<group>"; };
		AC62D278280A702E004324CA /* goraceTests.xctest */ = {isa = PBXFileReference; explicitFileType = wrapper.cfbundle; includeInIndex = 0; path = goraceTests.xctest; sourceTree = BUILT_PRODUCTS_DIR; };
		AC62D27C280A702E004324CA /* goraceTests.swift */ = {isa = PBXFileReference; lastKnownFileType = sourcecode.swift; path = goraceTests.swift; sourceTree = "<group>"; };
		AC62D282280A702E004324CA /* goraceUITests.xctest */ = {isa = PBXFileReference; explicitFileType = wrapper.cfbundle; includeInIndex = 0; path = goraceUITests.xctest; sourceTree = BUILT_PRODUCTS_DIR; };
		AC62D286280A702E004324CA /* goraceUITests.swift */ = {isa = PBXFileReference; lastKnownFileType = sourcecode.swift; path = goraceUITests.swift; sourceTree = "<group>"; };
		AC62D288280A702E004324CA /* goraceUITestsLaunchTests.swift */ = {isa = PBXFileReference; lastKnownFileType = sourcecode.swift; path = goraceUITestsLaunchTests.swift; sourceTree = "<group>"; };
/* End PBXFileReference section */

/* Begin PBXFrameworksBuildPhase section */
		AC62D25F280A702C004324CA /* Frameworks */ = {
			isa = PBXFrameworksBuildPhase;
			buildActionMask = 2147483647;
			files = (
			);
			runOnlyForDeploymentPostprocessing = 0;
		};
		AC62D275280A702E004324CA /* Frameworks */ = {
			isa = PBXFrameworksBuildPhase;
			buildActionMask = 2147483647;
			files = (
			);
			runOnlyForDeploymentPostprocessing = 0;
		};
		AC62D27F280A702E004324CA /* Frameworks */ = {
			isa = PBXFrameworksBuildPhase;
			buildActionMask = 2147483647;
			files = (
			);
			runOnlyForDeploymentPostprocessing = 0;
		};
/* End PBXFrameworksBuildPhase section */

/* Begin PBXGroup section */
		AC62D259280A702C004324CA = {
			isa = PBXGroup;
			children = (
				AC62D264280A702C004324CA /* gorace */,
				AC62D27B280A702E004324CA /* goraceTests */,
				AC62D285280A702E004324CA /* goraceUITests */,
				AC62D263280A702C004324CA /* Products */,
			);
			sourceTree = "<group>";
		};
		AC62D263280A702C004324CA /* Products */ = {
			isa = PBXGroup;
			children = (
				AC62D262280A702C004324CA /* gorace.app */,
				AC62D278280A702E004324CA /* goraceTests.xctest */,
				AC62D282280A702E004324CA /* goraceUITests.xctest */,
			);
			name = Products;
			sourceTree = "<group>";
		};
		AC62D264280A702C004324CA /* gorace */ = {
			isa = PBXGroup;
			children = (
				AC62D265280A702C004324CA /* AppDelegate.swift */,
				AC62D267280A702C004324CA /* SceneDelegate.swift */,
				AC62D269280A702C004324CA /* ViewController.swift */,
				AC62D26B280A702C004324CA /* Main.storyboard */,
				AC62D26E280A702E004324CA /* Assets.xcassets */,
				AC62D270280A702E004324CA /* LaunchScreen.storyboard */,
				AC62D273280A702E004324CA /* Info.plist */,
			);
			path = gorace;
			sourceTree = "<group>";
		};
		AC62D27B280A702E004324CA /* goraceTests */ = {
			isa = PBXGroup;
			children = (
				AC62D27C280A702E004324CA /* goraceTests.swift */,
			);
			path = goraceTests;
			sourceTree = "<group>";
		};
		AC62D285280A702E004324CA /* goraceUITests */ = {
			isa = PBXGroup;
			children = (
				AC62D286280A702E004324CA /* goraceUITests.swift */,
				AC62D288280A702E004324CA /* goraceUITestsLaunchTests.swift */,
			);
			path = goraceUITests;
			sourceTree = "<group>";
		};
/* End PBXGroup section */

/* Begin PBXNativeTarget section */
		AC62D261280A702C004324CA /* gorace */ = {
			isa = PBXNativeTarget;
			buildConfigurationList = AC62D28C280A702E004324CA /* Build configuration list for PBXNativeTarget "gorace" */;
			buildPhases = (
				AC62D25E280A702C004324CA /* Sources */,
				AC62D25F280A702C004324CA /* Frameworks */,
				AC62D260280A702C004324CA /* Resources */,
			);
			buildRules = (
			);
			dependencies = (
			);
			name = gorace;
			productName = gorace;
			productReference = AC62D262280A702C004324CA /* gorace.app */;
			productType = "com.apple.product-type.application";
		};
		AC62D277280A702E004324CA /* goraceTests */ = {
			isa = PBXNativeTarget;
			buildConfigurationList = AC62D28F280A702E004324CA /* Build configuration list for PBXNativeTarget "goraceTests" */;
			buildPhases = (
				AC62D274280A702E004324CA /* Sources */,
				AC62D275280A702E004324CA /* Frameworks */,
				AC62D276280A702E004324CA /* Resources */,
			);
			buildRules = (
			);
			dependencies = (
				AC62D27A280A702E004324CA /* PBXTargetDependency */,
			);
			name = goraceTests;
			productName = goraceTests;
			productReference = AC62D278280A702E004324CA /* goraceTests.xctest */;
			productType = "com.apple.product-type.bundle.unit-test";
		};
		AC62D281280A702E004324CA /* goraceUITests */ = {
			isa = PBXNativeTarget;
			buildConfigurationList = AC62D292280A702E004324CA /* Build configuration list for PBXNativeTarget "goraceUITests" */;
			buildPhases = (
				AC62D27E280A702E004324CA /* Sources */,
				AC62D27F280A702E004324CA /* Frameworks */,
				AC62D280280A702E004324CA /* Resources */,
			);
			buildRules = (
			);
			dependencies = (
				AC62D284280A702E004324CA /* PBXTargetDependency */,
			);
			name = goraceUITests;
			productName = goraceUITests;
			productReference = AC62D282280A702E004324CA /* goraceUITests.xctest */;
			productType = "com.apple.product-type.bundle.ui-testing";
		};
/* End PBXNativeTarget section */

/* Begin PBXProject section */
		AC62D25A280A702C004324CA /* Project object */ = {
			isa = PBXProject;
			attributes = {
				BuildIndependentTargetsInParallel = 1;
				LastSwiftUpdateCheck = 1320;
				LastUpgradeCheck = 1320;
				TargetAttributes = {
					AC62D261280A702C004324CA = {
						CreatedOnToolsVersion = 13.2.1;
					};
					AC62D277280A702E004324CA = {
						CreatedOnToolsVersion = 13.2.1;
						TestTargetID = AC62D261280A702C004324CA;
					};
					AC62D281280A702E004324CA = {
						CreatedOnToolsVersion = 13.2.1;
						TestTargetID = AC62D261280A702C004324CA;
					};
				};
			};
			buildConfigurationList = AC62D25D280A702C004324CA /* Build configuration list for PBXProject "gorace" */;
			compatibilityVersion = "Xcode 13.0";
			developmentRegion = en;
			hasScannedForEncodings = 0;
			knownRegions = (
				en,
				Base,
			);
			mainGroup = AC62D259280A702C004324CA;
			productRefGroup = AC62D263280A702C004324CA /* Products */;
			projectDirPath = "";
			projectRoot = "";
			targets = (
				AC62D261280A702C004324CA /* gorace */,
				AC62D277280A702E004324CA /* goraceTests */,
				AC62D281280A702E004324CA /* goraceUITests */,
			);
		};
/* End PBXProject section */

/* Begin PBXResourcesBuildPhase section */
		AC62D260280A702C004324CA /* Resources */ = {
			isa = PBXResourcesBuildPhase;
			buildActionMask = 2147483647;
			files = (
				AC62D272280A702E004324CA /* LaunchScreen.storyboard in Resources */,
				AC62D26F280A702E004324CA /* Assets.xcassets in Resources */,
				AC62D26D280A702C004324CA /* Main.storyboard in Resources */,
			);
			runOnlyForDeploymentPostprocessing = 0;
		};
		AC62D276280A702E004324CA /* Resources */ = {
			isa = PBXResourcesBuildPhase;
			buildActionMask = 2147483647;
			files = (
			);
			runOnlyForDeploymentPostprocessing = 0;
		};
		AC62D280280A702E004324CA /* Resources */ = {
			isa = PBXResourcesBuildPhase;
			buildActionMask = 2147483647;
			files = (
			);
			runOnlyForDeploymentPostprocessing = 0;
		};
/* End PBXResourcesBuildPhase section */

/* Begin PBXSourcesBuildPhase section */
		AC62D25E280A702C004324CA /* Sources */ = {
			isa = PBXSourcesBuildPhase;
			buildActionMask = 2147483647;
			files = (
				AC62D26A280A702C004324CA /* ViewController.swift in Sources */,
				AC62D266280A702C004324CA /* AppDelegate.swift in Sources */,
				AC62D268280A702C004324CA /* SceneDelegate.swift in Sources */,
			);
			runOnlyForDeploymentPostprocessing = 0;
		};
		AC62D274280A702E004324CA /* Sources */ = {
			isa = PBXSourcesBuildPhase;
			buildActionMask = 2147483647;
			files = (
				AC62D27D280A702E004324CA /* goraceTests.swift in Sources */,
			);
			runOnlyForDeploymentPostprocessing = 0;
		};
		AC62D27E280A702E004324CA /* Sources */ = {
			isa = PBXSourcesBuildPhase;
			buildActionMask = 2147483647;
			files = (
				AC62D287280A702E004324CA /* goraceUITests.swift in Sources */,
				AC62D289280A702E004324CA /* goraceUITestsLaunchTests.swift in Sources */,
			);
			runOnlyForDeploymentPostprocessing = 0;
		};
/* End PBXSourcesBuildPhase section */

/* Begin PBXTargetDependency section */
		AC62D27A280A702E004324CA /* PBXTargetDependency */ = {
			isa = PBXTargetDependency;
			target = AC62D261280A702C004324CA /* gorace */;
			targetProxy = AC62D279280A702E004324CA /* PBXContainerItemProxy */;
		};
		AC62D284280A702E004324CA /* PBXTargetDependency */ = {
			isa = PBXTargetDependency;
			target = AC62D261280A702C004324CA /* gorace */;
			targetProxy = AC62D283280A702E004324CA /* PBXContainerItemProxy */;
		};
/* End PBXTargetDependency section */

/* Begin PBXVariantGroup section */
		AC62D26B280A702C004324CA /* Main.storyboard */ = {
			isa = PBXVariantGroup;
			children = (
				AC62D26C280A702C004324CA /* Base */,
			);
			name = Main.storyboard;
			sourceTree = "<group>";
		};
		AC62D270280A702E004324CA /* LaunchScreen.storyboard */ = {
			isa = PBXVariantGroup;
			children = (
				AC62D271280A702E004324CA /* Base */,
			);
			name = LaunchScreen.storyboard;
			sourceTree = "<group>";
		};
/* End PBXVariantGroup section */

/* Begin XCBuildConfiguration section */
		AC62D28A280A702E004324CA /* Debug */ = {
			isa = XCBuildConfiguration;
			buildSettings = {
				ALWAYS_SEARCH_USER_PATHS = NO;
				CLANG_ANALYZER_NONNULL = YES;
				CLANG_ANALYZER_NUMBER_OBJECT_CONVERSION = YES_AGGRESSIVE;
				CLANG_CXX_LANGUAGE_STANDARD = "gnu++17";
				CLANG_CXX_LIBRARY = "libc++";
				CLANG_ENABLE_MODULES = YES;
				CLANG_ENABLE_OBJC_ARC = YES;
				CLANG_ENABLE_OBJC_WEAK = YES;
				CLANG_WARN_BLOCK_CAPTURE_AUTORELEASING = YES;
				CLANG_WARN_BOOL_CONVERSION = YES;
				CLANG_WARN_COMMA = YES;
				CLANG_WARN_CONSTANT_CONVERSION = YES;
				CLANG_WARN_DEPRECATED_OBJC_IMPLEMENTATIONS = YES;
				CLANG_WARN_DIRECT_OBJC_ISA_USAGE = YES_ERROR;
				CLANG_WARN_DOCUMENTATION_COMMENTS = YES;
				CLANG_WARN_EMPTY_BODY = YES;
				CLANG_WARN_ENUM_CONVERSION = YES;
				CLANG_WARN_INFINITE_RECURSION = YES;
				CLANG_WARN_INT_CONVERSION = YES;
				CLANG_WARN_NON_LITERAL_NULL_CONVERSION = YES;
				CLANG_WARN_OBJC_IMPLICIT_RETAIN_SELF = YES;
				CLANG_WARN_OBJC_LITERAL_CONVERSION = YES;
				CLANG_WARN_OBJC_ROOT_CLASS = YES_ERROR;
				CLANG_WARN_QUOTED_INCLUDE_IN_FRAMEWORK_HEADER = YES;
				CLANG_WARN_RANGE_LOOP_ANALYSIS = YES;
				CLANG_WARN_STRICT_PROTOTYPES = YES;
				CLANG_WARN_SUSPICIOUS_MOVE = YES;
				CLANG_WARN_UNGUARDED_AVAILABILITY = YES_AGGRESSIVE;
				CLANG_WARN_UNREACHABLE_CODE = YES;
				CLANG_WARN__DUPLICATE_METHOD_MATCH = YES;
				COPY_PHASE_STRIP = NO;
				DEBUG_INFORMATION_FORMAT = dwarf;
				ENABLE_STRICT_OBJC_MSGSEND = YES;
				ENABLE_TESTABILITY = YES;
				GCC_C_LANGUAGE_STANDARD = gnu11;
				GCC_DYNAMIC_NO_PIC = NO;
				GCC_NO_COMMON_BLOCKS = YES;
				GCC_OPTIMIZATION_LEVEL = 0;
				GCC_PREPROCESSOR_DEFINITIONS = (
					"DEBUG=1",
					"$(inherited)",
				);
				GCC_WARN_64_TO_32_BIT_CONVERSION = YES;
				GCC_WARN_ABOUT_RETURN_TYPE = YES_ERROR;
				GCC_WARN_UNDECLARED_SELECTOR = YES;
				GCC_WARN_UNINITIALIZED_AUTOS = YES_AGGRESSIVE;
				GCC_WARN_UNUSED_FUNCTION = YES;
				GCC_WARN_UNUSED_VARIABLE = YES;
				IPHONEOS_DEPLOYMENT_TARGET = 15.2;
				MTL_ENABLE_DEBUG_INFO = INCLUDE_SOURCE;
				MTL_FAST_MATH = YES;
				ONLY_ACTIVE_ARCH = YES;
				SDKROOT = iphoneos;
				SWIFT_ACTIVE_COMPILATION_CONDITIONS = DEBUG;
				SWIFT_OPTIMIZATION_LEVEL = "-Onone";
			};
			name = Debug;
		};
		AC62D28B280A702E004324CA /* Release */ = {
			isa = XCBuildConfiguration;
			buildSettings = {
				ALWAYS_SEARCH_USER_PATHS = NO;
				CLANG_ANALYZER_NONNULL = YES;
				CLANG_ANALYZER_NUMBER_OBJECT_CONVERSION = YES_AGGRESSIVE;
				CLANG_CXX_LANGUAGE_STANDARD = "gnu++17";
				CLANG_CXX_LIBRARY = "libc++";
				CLANG_ENABLE_MODULES = YES;
				CLANG_ENABLE_OBJC_ARC = YES;
				CLANG_ENABLE_OBJC_WEAK = YES;
				CLANG_WARN_BLOCK_CAPTURE_AUTORELEASING = YES;
				CLANG_WARN_BOOL_CONVERSION = YES;
				CLANG_WARN_COMMA = YES;
				CLANG_WARN_CONSTANT_CONVERSION = YES;
				CLANG_WARN_DEPRECATED_OBJC_IMPLEMENTATIONS = YES;
				CLANG_WARN_DIRECT_OBJC_ISA_USAGE = YES_ERROR;
				CLANG_WARN_DOCUMENTATION_COMMENTS = YES;
				CLANG_WARN_EMPTY_BODY = YES;
				CLANG_WARN_ENUM_CONVERSION = YES;
				CLANG_WARN_INFINITE_RECURSION = YES;
				CLANG_WARN_INT_CONVERSION = YES;
				CLANG_WARN_NON_LITERAL_NULL_CONVERSION = YES;
				CLANG_WARN_OBJC_IMPLICIT_RETAIN_SELF = YES;
				CLANG_WARN_OBJC_LITERAL_CONVERSION = YES;
				CLANG_WARN_OBJC_ROOT_CLASS = YES_ERROR;
				CLANG_WARN_QUOTED_INCLUDE_IN_FRAMEWORK_HEADER = YES;
				CLANG_WARN_RANGE_LOOP_ANALYSIS = YES;
				CLANG_WARN_STRICT_PROTOTYPES = YES;
				CLANG_WARN_SUSPICIOUS_MOVE = YES;
				CLANG_WARN_UNGUARDED_AVAILABILITY = YES_AGGRESSIVE;
				CLANG_WARN_UNREACHABLE_CODE = YES;
				CLANG_WARN__DUPLICATE_METHOD_MATCH = YES;
				COPY_PHASE_STRIP = NO;
				DEBUG_INFORMATION_FORMAT = "dwarf-with-dsym";
				ENABLE_NS_ASSERTIONS = NO;
				ENABLE_STRICT_OBJC_MSGSEND = YES;
				GCC_C_LANGUAGE_STANDARD = gnu11;
				GCC_NO_COMMON_BLOCKS = YES;
				GCC_WARN_64_TO_32_BIT_CONVERSION = YES;
				GCC_WARN_ABOUT_RETURN_TYPE = YES_ERROR;
				GCC_WARN_UNDECLARED_SELECTOR = YES;
				GCC_WARN_UNINITIALIZED_AUTOS = YES_AGGRESSIVE;
				GCC_WARN_UNUSED_FUNCTION = YES;
				GCC_WARN_UNUSED_VARIABLE = YES;
				IPHONEOS_DEPLOYMENT_TARGET = 15.2;
				MTL_ENABLE_DEBUG_INFO = NO;
				MTL_FAST_MATH = YES;
				SDKROOT = iphoneos;
				SWIFT_COMPILATION_MODE = wholemodule;
				SWIFT_OPTIMIZATION_LEVEL = "-O";
				VALIDATE_PRODUCT = YES;
			};
			name = Release;
		};
		AC62D28D280A702E004324CA /* Debug */ = {
			isa = XCBuildConfiguration;
			buildSettings = {
				ASSETCATALOG_COMPILER_APPICON_NAME = AppIcon;
				ASSETCATALOG_COMPILER_GLOBAL_ACCENT_COLOR_NAME = AccentColor;
				CODE_SIGN_STYLE = Automatic;
				CURRENT_PROJECT_VERSION = 1;
				GENERATE_INFOPLIST_FILE = YES;
				INFOPLIST_FILE = gorace/Info.plist;
				INFOPLIST_KEY_UIApplicationSupportsIndirectInputEvents = YES;
				INFOPLIST_KEY_UILaunchStoryboardName = LaunchScreen;
				INFOPLIST_KEY_UIMainStoryboardFile = Main;
				INFOPLIST_KEY_UISupportedInterfaceOrientations_iPad = "UIInterfaceOrientationPortrait UIInterfaceOrientationPortraitUpsideDown UIInterfaceOrientationLandscapeLeft UIInterfaceOrientationLandscapeRight";
				INFOPLIST_KEY_UISupportedInterfaceOrientations_iPhone = "UIInterfaceOrientationPortrait UIInterfaceOrientationLandscapeLeft UIInterfaceOrientationLandscapeRight";
				LD_RUNPATH_SEARCH_PATHS = (
					"$(inherited)",
					"@executable_path/Frameworks",
				);
				MARKETING_VERSION = 1.0;
				PRODUCT_BUNDLE_IDENTIFIER = arsen.gorace;
				PRODUCT_NAME = "$(TARGET_NAME)";
				SWIFT_EMIT_LOC_STRINGS = YES;
				SWIFT_VERSION = 5.0;
				TARGETED_DEVICE_FAMILY = "1,2";
			};
			name = Debug;
		};
		AC62D28E280A702E004324CA /* Release */ = {
			isa = XCBuildConfiguration;
			buildSettings = {
				ASSETCATALOG_COMPILER_APPICON_NAME = AppIcon;
				ASSETCATALOG_COMPILER_GLOBAL_ACCENT_COLOR_NAME = AccentColor;
				CODE_SIGN_STYLE = Automatic;
				CURRENT_PROJECT_VERSION = 1;
				GENERATE_INFOPLIST_FILE = YES;
				INFOPLIST_FILE = gorace/Info.plist;
				INFOPLIST_KEY_UIApplicationSupportsIndirectInputEvents = YES;
				INFOPLIST_KEY_UILaunchStoryboardName = LaunchScreen;
				INFOPLIST_KEY_UIMainStoryboardFile = Main;
				INFOPLIST_KEY_UISupportedInterfaceOrientations_iPad = "UIInterfaceOrientationPortrait UIInterfaceOrientationPortraitUpsideDown UIInterfaceOrientationLandscapeLeft UIInterfaceOrientationLandscapeRight";
				INFOPLIST_KEY_UISupportedInterfaceOrientations_iPhone = "UIInterfaceOrientationPortrait UIInterfaceOrientationLandscapeLeft UIInterfaceOrientationLandscapeRight";
				LD_RUNPATH_SEARCH_PATHS = (
					"$(inherited)",
					"@executable_path/Frameworks",
				);
				MARKETING_VERSION = 1.0;
				PRODUCT_BUNDLE_IDENTIFIER = arsen.gorace;
				PRODUCT_NAME = "$(TARGET_NAME)";
				SWIFT_EMIT_LOC_STRINGS = YES;
				SWIFT_VERSION = 5.0;
				TARGETED_DEVICE_FAMILY = "1,2";
			};
			name = Release;
		};
		AC62D290280A702E004324CA /* Debug */ = {
			isa = XCBuildConfiguration;
			buildSettings = {
				ALWAYS_EMBED_SWIFT_STANDARD_LIBRARIES = YES;
				BUNDLE_LOADER = "$(TEST_HOST)";
				CODE_SIGN_STYLE = Automatic;
				CURRENT_PROJECT_VERSION = 1;
				GENERATE_INFOPLIST_FILE = YES;
				IPHONEOS_DEPLOYMENT_TARGET = 15.2;
				MARKETING_VERSION = 1.0;
				PRODUCT_BUNDLE_IDENTIFIER = arsen.goraceTests;
				PRODUCT_NAME = "$(TARGET_NAME)";
				SWIFT_EMIT_LOC_STRINGS = NO;
				SWIFT_VERSION = 5.0;
				TARGETED_DEVICE_FAMILY = "1,2";
				TEST_HOST = "$(BUILT_PRODUCTS_DIR)/gorace.app/gorace";
			};
			name = Debug;
		};
		AC62D291280A702E004324CA /* Release */ = {
			isa = XCBuildConfiguration;
			buildSettings = {
				ALWAYS_EMBED_SWIFT_STANDARD_LIBRARIES = YES;
				BUNDLE_LOADER = "$(TEST_HOST)";
				CODE_SIGN_STYLE = Automatic;
				CURRENT_PROJECT_VERSION = 1;
				GENERATE_INFOPLIST_FILE = YES;
				IPHONEOS_DEPLOYMENT_TARGET = 15.2;
				MARKETING_VERSION = 1.0;
				PRODUCT_BUNDLE_IDENTIFIER = arsen.goraceTests;
				PRODUCT_NAME = "$(TARGET_NAME)";
				SWIFT_EMIT_LOC_STRINGS = NO;
				SWIFT_VERSION = 5.0;
				TARGETED_DEVICE_FAMILY = "1,2";
				TEST_HOST = "$(BUILT_PRODUCTS_DIR)/gorace.app/gorace";
			};
			name = Release;
		};
		AC62D293280A702E004324CA /* Debug */ = {
			isa = XCBuildConfiguration;
			buildSettings = {
				ALWAYS_EMBED_SWIFT_STANDARD_LIBRARIES = YES;
				CODE_SIGN_STYLE = Automatic;
				CURRENT_PROJECT_VERSION = 1;
				GENERATE_INFOPLIST_FILE = YES;
				MARKETING_VERSION = 1.0;
				PRODUCT_BUNDLE_IDENTIFIER = arsen.goraceUITests;
				PRODUCT_NAME = "$(TARGET_NAME)";
				SWIFT_EMIT_LOC_STRINGS = NO;
				SWIFT_VERSION = 5.0;
				TARGETED_DEVICE_FAMILY = "1,2";
				TEST_TARGET_NAME = gorace;
			};
			name = Debug;
		};
		AC62D294280A702E004324CA /* Release */ = {
			isa = XCBuildConfiguration;
			buildSettings = {
				ALWAYS_EMBED_SWIFT_STANDARD_LIBRARIES = YES;
				CODE_SIGN_STYLE = Automatic;
				CURRENT_PROJECT_VERSION = 1;
				GENERATE_INFOPLIST_FILE = YES;
				MARKETING_VERSION = 1.0;
				PRODUCT_BUNDLE_IDENTIFIER = arsen.goraceUITests;
				PRODUCT_NAME = "$(TARGET_NAME)";
				SWIFT_EMIT_LOC_STRINGS = NO;
				SWIFT_VERSION = 5.0;
				TARGETED_DEVICE_FAMILY = "1,2";
				TEST_TARGET_NAME = gorace;
			};
			name = Release;
		};
/* End XCBuildConfiguration section */

/* Begin XCConfigurationList section */
		AC62D25D280A702C004324CA /* Build configuration list for PBXProject "gorace" */ = {
			isa = XCConfigurationList;
			buildConfigurations = (
				AC62D28A280A702E004324CA /* Debug */,
				AC62D28B280A702E004324CA /* Release */,
			);
			defaultConfigurationIsVisible = 0;
			defaultConfigurationName = Release;
		};
		AC62D28C280A702E004324CA /* Build configuration list for PBXNativeTarget "gorace" */ = {
			isa = XCConfigurationList;
			buildConfigurations = (
				AC62D28D280A702E004324CA /* Debug */,
				AC62D28E280A702E004324CA /* Release */,
			);
			defaultConfigurationIsVisible = 0;
			defaultConfigurationName = Release;
		};
		AC62D28F280A702E004324CA /* Build configuration list for PBXNativeTarget "goraceTests" */ = {
			isa = XCConfigurationList;
			buildConfigurations = (
				AC62D290280A702E004324CA /* Debug */,
				AC62D291280A702E004324CA /* Release */,
			);
			defaultConfigurationIsVisible = 0;
			defaultConfigurationName = Release;
		};
		AC62D292280A702E004324CA /* Build configuration list for PBXNativeTarget "goraceUITests" */ = {
			isa = XCConfigurationList;
			buildConfigurations = (
				AC62D293280A702E004324CA /* Debug */,
				AC62D294280A702E004324CA /* Release */,
			);
			defaultConfigurationIsVisible = 0;
			defaultConfigurationName = Release;
		};
/* End XCConfigurationList section */
	};
	rootObject = AC62D25A280A702C004324CA /* Project object */;
}
